// !$*UTF8*$!
{
	archiveVersion = 1;
	classes = {
	};
	objectVersion = 56;
	objects = {

/* Begin PBXBuildFile section */
		ABBEFA2329C3742D00173087 /* ChatGPTApp.swift in Sources */ = {isa = PBXBuildFile; fileRef = ABBEFA2229C3742D00173087 /* ChatGPTApp.swift */; };
		ABBEFA2529C3742D00173087 /* ContentView.swift in Sources */ = {isa = PBXBuildFile; fileRef = ABBEFA2429C3742D00173087 /* ContentView.swift */; };
		ABBEFA2729C3742E00173087 /* Assets.xcassets in Resources */ = {isa = PBXBuildFile; fileRef = ABBEFA2629C3742E00173087 /* Assets.xcassets */; };
		ABBEFA2A29C3742E00173087 /* Preview Assets.xcassets in Resources */ = {isa = PBXBuildFile; fileRef = ABBEFA2929C3742E00173087 /* Preview Assets.xcassets */; };
		ABBEFA3129C374DC00173087 /* Message.swift in Sources */ = {isa = PBXBuildFile; fileRef = ABBEFA3029C374DC00173087 /* Message.swift */; };
		ABBEFA3329C3763E00173087 /* MessageView.swift in Sources */ = {isa = PBXBuildFile; fileRef = ABBEFA3229C3763E00173087 /* MessageView.swift */; };
		ABBEFA3529C3795500173087 /* Constants.swift in Sources */ = {isa = PBXBuildFile; fileRef = ABBEFA3429C3795500173087 /* Constants.swift */; };
		ABBEFA3929C379B100173087 /* OpenAIService.swift in Sources */ = {isa = PBXBuildFile; fileRef = ABBEFA3829C379B100173087 /* OpenAIService.swift */; };
		ABBEFA3C29C37A5200173087 /* Alamofire in Frameworks */ = {isa = PBXBuildFile; productRef = ABBEFA3B29C37A5200173087 /* Alamofire */; };
		ABBEFA3F29C37C7400173087 /* Completions.swift in Sources */ = {isa = PBXBuildFile; fileRef = ABBEFA3E29C37C7400173087 /* Completions.swift */; };
		ABBEFA4129C37C7B00173087 /* Response.swift in Sources */ = {isa = PBXBuildFile; fileRef = ABBEFA4029C37C7B00173087 /* Response.swift */; };
		ABBEFA4329C3885400173087 /* View-DismissKey.swift in Sources */ = {isa = PBXBuildFile; fileRef = ABBEFA4229C3885400173087 /* View-DismissKey.swift */; };
/* End PBXBuildFile section */

/* Begin PBXFileReference section */
		ABBEFA1F29C3742D00173087 /* ChatGPT.app */ = {isa = PBXFileReference; explicitFileType = wrapper.application; includeInIndex = 0; path = ChatGPT.app; sourceTree = BUILT_PRODUCTS_DIR; };
		ABBEFA2229C3742D00173087 /* ChatGPTApp.swift */ = {isa = PBXFileReference; lastKnownFileType = sourcecode.swift; path = ChatGPTApp.swift; sourceTree = "<group>"; };
		ABBEFA2429C3742D00173087 /* ContentView.swift */ = {isa = PBXFileReference; lastKnownFileType = sourcecode.swift; path = ContentView.swift; sourceTree = "<group>"; };
		ABBEFA2629C3742E00173087 /* Assets.xcassets */ = {isa = PBXFileReference; lastKnownFileType = folder.assetcatalog; path = Assets.xcassets; sourceTree = "<group>"; };
		ABBEFA2929C3742E00173087 /* Preview Assets.xcassets */ = {isa = PBXFileReference; lastKnownFileType = folder.assetcatalog; path = "Preview Assets.xcassets"; sourceTree = "<group>"; };
		ABBEFA3029C374DC00173087 /* Message.swift */ = {isa = PBXFileReference; lastKnownFileType = sourcecode.swift; path = Message.swift; sourceTree = "<group>"; };
		ABBEFA3229C3763E00173087 /* MessageView.swift */ = {isa = PBXFileReference; lastKnownFileType = sourcecode.swift; path = MessageView.swift; sourceTree = "<group>"; };
		ABBEFA3429C3795500173087 /* Constants.swift */ = {isa = PBXFileReference; lastKnownFileType = sourcecode.swift; path = Constants.swift; sourceTree = "<group>"; };
		ABBEFA3829C379B100173087 /* OpenAIService.swift */ = {isa = PBXFileReference; lastKnownFileType = sourcecode.swift; path = OpenAIService.swift; sourceTree = "<group>"; };
		ABBEFA3E29C37C7400173087 /* Completions.swift */ = {isa = PBXFileReference; lastKnownFileType = sourcecode.swift; path = Completions.swift; sourceTree = "<group>"; };
		ABBEFA4029C37C7B00173087 /* Response.swift */ = {isa = PBXFileReference; lastKnownFileType = sourcecode.swift; path = Response.swift; sourceTree = "<group>"; };
		ABBEFA4229C3885400173087 /* View-DismissKey.swift */ = {isa = PBXFileReference; fileEncoding = 4; lastKnownFileType = sourcecode.swift; path = "View-DismissKey.swift"; sourceTree = "<group>"; };
/* End PBXFileReference section */

/* Begin PBXFrameworksBuildPhase section */
		ABBEFA1C29C3742D00173087 /* Frameworks */ = {
			isa = PBXFrameworksBuildPhase;
			buildActionMask = 2147483647;
			files = (
				ABBEFA3C29C37A5200173087 /* Alamofire in Frameworks */,
			);
			runOnlyForDeploymentPostprocessing = 0;
		};
/* End PBXFrameworksBuildPhase section */

/* Begin PBXGroup section */
		ABBEFA1629C3742D00173087 = {
			isa = PBXGroup;
			children = (
				ABBEFA2129C3742D00173087 /* ChatGPT */,
				ABBEFA2029C3742D00173087 /* Products */,
			);
			sourceTree = "<group>";
		};
		ABBEFA2029C3742D00173087 /* Products */ = {
			isa = PBXGroup;
			children = (
				ABBEFA1F29C3742D00173087 /* ChatGPT.app */,
			);
			name = Products;
			sourceTree = "<group>";
		};
		ABBEFA2129C3742D00173087 /* ChatGPT */ = {
			isa = PBXGroup;
			children = (
				ABBEFA2229C3742D00173087 /* ChatGPTApp.swift */,
				ABBEFA3429C3795500173087 /* Constants.swift */,
				ABBEFA4229C3885400173087 /* View-DismissKey.swift */,
				ABBEFA3D29C37B9800173087 /* Services */,
				ABBEFA3629C3796C00173087 /* Models */,
				ABBEFA3729C3797600173087 /* Views */,
				ABBEFA2629C3742E00173087 /* Assets.xcassets */,
				ABBEFA2829C3742E00173087 /* Preview Content */,
			);
			path = ChatGPT;
			sourceTree = "<group>";
		};
		ABBEFA2829C3742E00173087 /* Preview Content */ = {
			isa = PBXGroup;
			children = (
				ABBEFA2929C3742E00173087 /* Preview Assets.xcassets */,
			);
			path = "Preview Content";
			sourceTree = "<group>";
		};
		ABBEFA3629C3796C00173087 /* Models */ = {
			isa = PBXGroup;
			children = (
				ABBEFA3029C374DC00173087 /* Message.swift */,
				ABBEFA3E29C37C7400173087 /* Completions.swift */,
				ABBEFA4029C37C7B00173087 /* Response.swift */,
			);
			path = Models;
			sourceTree = "<group>";
		};
		ABBEFA3729C3797600173087 /* Views */ = {
			isa = PBXGroup;
			children = (
				ABBEFA3229C3763E00173087 /* MessageView.swift */,
				ABBEFA2429C3742D00173087 /* ContentView.swift */,
			);
			path = Views;
			sourceTree = "<group>";
		};
		ABBEFA3D29C37B9800173087 /* Services */ = {
			isa = PBXGroup;
			children = (
				ABBEFA3829C379B100173087 /* OpenAIService.swift */,
			);
			path = Services;
			sourceTree = "<group>";
		};
/* End PBXGroup section */

/* Begin PBXNativeTarget section */
		ABBEFA1E29C3742D00173087 /* ChatGPT */ = {
			isa = PBXNativeTarget;
			buildConfigurationList = ABBEFA2D29C3742E00173087 /* Build configuration list for PBXNativeTarget "ChatGPT" */;
			buildPhases = (
				ABBEFA1B29C3742D00173087 /* Sources */,
				ABBEFA1C29C3742D00173087 /* Frameworks */,
				ABBEFA1D29C3742D00173087 /* Resources */,
			);
			buildRules = (
			);
			dependencies = (
			);
			name = ChatGPT;
			packageProductDependencies = (
				ABBEFA3B29C37A5200173087 /* Alamofire */,
			);
			productName = ChatGPT;
			productReference = ABBEFA1F29C3742D00173087 /* ChatGPT.app */;
			productType = "com.apple.product-type.application";
		};
/* End PBXNativeTarget section */

/* Begin PBXProject section */
		ABBEFA1729C3742D00173087 /* Project object */ = {
			isa = PBXProject;
			attributes = {
				BuildIndependentTargetsInParallel = 1;
				LastSwiftUpdateCheck = 1420;
				LastUpgradeCheck = 1420;
				TargetAttributes = {
					ABBEFA1E29C3742D00173087 = {
						CreatedOnToolsVersion = 14.2;
					};
				};
			};
			buildConfigurationList = ABBEFA1A29C3742D00173087 /* Build configuration list for PBXProject "ChatGPT" */;
			compatibilityVersion = "Xcode 14.0";
			developmentRegion = en;
			hasScannedForEncodings = 0;
			knownRegions = (
				en,
				Base,
			);
			mainGroup = ABBEFA1629C3742D00173087;
			packageReferences = (
				ABBEFA3A29C37A5200173087 /* XCRemoteSwiftPackageReference "Alamofire" */,
			);
			productRefGroup = ABBEFA2029C3742D00173087 /* Products */;
			projectDirPath = "";
			projectRoot = "";
			targets = (
				ABBEFA1E29C3742D00173087 /* ChatGPT */,
			);
		};
/* End PBXProject section */

/* Begin PBXResourcesBuildPhase section */
		ABBEFA1D29C3742D00173087 /* Resources */ = {
			isa = PBXResourcesBuildPhase;
			buildActionMask = 2147483647;
			files = (
				ABBEFA2A29C3742E00173087 /* Preview Assets.xcassets in Resources */,
				ABBEFA2729C3742E00173087 /* Assets.xcassets in Resources */,
			);
			runOnlyForDeploymentPostprocessing = 0;
		};
/* End PBXResourcesBuildPhase section */

/* Begin PBXSourcesBuildPhase section */
		ABBEFA1B29C3742D00173087 /* Sources */ = {
			isa = PBXSourcesBuildPhase;
			buildActionMask = 2147483647;
			files = (
				ABBEFA4129C37C7B00173087 /* Response.swift in Sources */,
				ABBEFA3529C3795500173087 /* Constants.swift in Sources */,
				ABBEFA3329C3763E00173087 /* MessageView.swift in Sources */,
				ABBEFA3129C374DC00173087 /* Message.swift in Sources */,
				ABBEFA2529C3742D00173087 /* ContentView.swift in Sources */,
				ABBEFA3F29C37C7400173087 /* Completions.swift in Sources */,
				ABBEFA2329C3742D00173087 /* ChatGPTApp.swift in Sources */,
				ABBEFA3929C379B100173087 /* OpenAIService.swift in Sources */,
				ABBEFA4329C3885400173087 /* View-DismissKey.swift in Sources */,
			);
			runOnlyForDeploymentPostprocessing = 0;
		};
/* End PBXSourcesBuildPhase section */

/* Begin XCBuildConfiguration section */
		ABBEFA2B29C3742E00173087 /* Debug */ = {
			isa = XCBuildConfiguration;
			buildSettings = {
				ALWAYS_SEARCH_USER_PATHS = NO;
				CLANG_ANALYZER_NONNULL = YES;
				CLANG_ANALYZER_NUMBER_OBJECT_CONVERSION = YES_AGGRESSIVE;
				CLANG_CXX_LANGUAGE_STANDARD = "gnu++20";
				CLANG_ENABLE_MODULES = YES;
				CLANG_ENABLE_OBJC_ARC = YES;
				CLANG_ENABLE_OBJC_WEAK = YES;
				CLANG_WARN_BLOCK_CAPTURE_AUTORELEASING = YES;
				CLANG_WARN_BOOL_CONVERSION = YES;
				CLANG_WARN_COMMA = YES;
				CLANG_WARN_CONSTANT_CONVERSION = YES;
				CLANG_WARN_DEPRECATED_OBJC_IMPLEMENTATIONS = YES;
				CLANG_WARN_DIRECT_OBJC_ISA_USAGE = YES_ERROR;
				CLANG_WARN_DOCUMENTATION_COMMENTS = YES;
				CLANG_WARN_EMPTY_BODY = YES;
				CLANG_WARN_ENUM_CONVERSION = YES;
				CLANG_WARN_INFINITE_RECURSION = YES;
				CLANG_WARN_INT_CONVERSION = YES;
				CLANG_WARN_NON_LITERAL_NULL_CONVERSION = YES;
				CLANG_WARN_OBJC_IMPLICIT_RETAIN_SELF = YES;
				CLANG_WARN_OBJC_LITERAL_CONVERSION = YES;
				CLANG_WARN_OBJC_ROOT_CLASS = YES_ERROR;
				CLANG_WARN_QUOTED_INCLUDE_IN_FRAMEWORK_HEADER = YES;
				CLANG_WARN_RANGE_LOOP_ANALYSIS = YES;
				CLANG_WARN_STRICT_PROTOTYPES = YES;
				CLANG_WARN_SUSPICIOUS_MOVE = YES;
				CLANG_WARN_UNGUARDED_AVAILABILITY = YES_AGGRESSIVE;
				CLANG_WARN_UNREACHABLE_CODE = YES;
				CLANG_WARN__DUPLICATE_METHOD_MATCH = YES;
				COPY_PHASE_STRIP = NO;
				DEBUG_INFORMATION_FORMAT = dwarf;
				ENABLE_STRICT_OBJC_MSGSEND = YES;
				ENABLE_TESTABILITY = YES;
				GCC_C_LANGUAGE_STANDARD = gnu11;
				GCC_DYNAMIC_NO_PIC = NO;
				GCC_NO_COMMON_BLOCKS = YES;
				GCC_OPTIMIZATION_LEVEL = 0;
				GCC_PREPROCESSOR_DEFINITIONS = (
					"DEBUG=1",
					"$(inherited)",
				);
				GCC_WARN_64_TO_32_BIT_CONVERSION = YES;
				GCC_WARN_ABOUT_RETURN_TYPE = YES_ERROR;
				GCC_WARN_UNDECLARED_SELECTOR = YES;
				GCC_WARN_UNINITIALIZED_AUTOS = YES_AGGRESSIVE;
				GCC_WARN_UNUSED_FUNCTION = YES;
				GCC_WARN_UNUSED_VARIABLE = YES;
				IPHONEOS_DEPLOYMENT_TARGET = 16.2;
				MTL_ENABLE_DEBUG_INFO = INCLUDE_SOURCE;
				MTL_FAST_MATH = YES;
				ONLY_ACTIVE_ARCH = YES;
				SDKROOT = iphoneos;
				SWIFT_ACTIVE_COMPILATION_CONDITIONS = DEBUG;
				SWIFT_OPTIMIZATION_LEVEL = "-Onone";
			};
			name = Debug;
		};
		ABBEFA2C29C3742E00173087 /* Release */ = {
			isa = XCBuildConfiguration;
			buildSettings = {
				ALWAYS_SEARCH_USER_PATHS = NO;
				CLANG_ANALYZER_NONNULL = YES;
				CLANG_ANALYZER_NUMBER_OBJECT_CONVERSION = YES_AGGRESSIVE;
				CLANG_CXX_LANGUAGE_STANDARD = "gnu++20";
				CLANG_ENABLE_MODULES = YES;
				CLANG_ENABLE_OBJC_ARC = YES;
				CLANG_ENABLE_OBJC_WEAK = YES;
				CLANG_WARN_BLOCK_CAPTURE_AUTORELEASING = YES;
				CLANG_WARN_BOOL_CONVERSION = YES;
				CLANG_WARN_COMMA = YES;
				CLANG_WARN_CONSTANT_CONVERSION = YES;
				CLANG_WARN_DEPRECATED_OBJC_IMPLEMENTATIONS = YES;
				CLANG_WARN_DIRECT_OBJC_ISA_USAGE = YES_ERROR;
				CLANG_WARN_DOCUMENTATION_COMMENTS = YES;
				CLANG_WARN_EMPTY_BODY = YES;
				CLANG_WARN_ENUM_CONVERSION = YES;
				CLANG_WARN_INFINITE_RECURSION = YES;
				CLANG_WARN_INT_CONVERSION = YES;
				CLANG_WARN_NON_LITERAL_NULL_CONVERSION = YES;
				CLANG_WARN_OBJC_IMPLICIT_RETAIN_SELF = YES;
				CLANG_WARN_OBJC_LITERAL_CONVERSION = YES;
				CLANG_WARN_OBJC_ROOT_CLASS = YES_ERROR;
				CLANG_WARN_QUOTED_INCLUDE_IN_FRAMEWORK_HEADER = YES;
				CLANG_WARN_RANGE_LOOP_ANALYSIS = YES;
				CLANG_WARN_STRICT_PROTOTYPES = YES;
				CLANG_WARN_SUSPICIOUS_MOVE = YES;
				CLANG_WARN_UNGUARDED_AVAILABILITY = YES_AGGRESSIVE;
				CLANG_WARN_UNREACHABLE_CODE = YES;
				CLANG_WARN__DUPLICATE_METHOD_MATCH = YES;
				COPY_PHASE_STRIP = NO;
				DEBUG_INFORMATION_FORMAT = "dwarf-with-dsym";
				ENABLE_NS_ASSERTIONS = NO;
				ENABLE_STRICT_OBJC_MSGSEND = YES;
				GCC_C_LANGUAGE_STANDARD = gnu11;
				GCC_NO_COMMON_BLOCKS = YES;
				GCC_WARN_64_TO_32_BIT_CONVERSION = YES;
				GCC_WARN_ABOUT_RETURN_TYPE = YES_ERROR;
				GCC_WARN_UNDECLARED_SELECTOR = YES;
				GCC_WARN_UNINITIALIZED_AUTOS = YES_AGGRESSIVE;
				GCC_WARN_UNUSED_FUNCTION = YES;
				GCC_WARN_UNUSED_VARIABLE = YES;
				IPHONEOS_DEPLOYMENT_TARGET = 16.2;
				MTL_ENABLE_DEBUG_INFO = NO;
				MTL_FAST_MATH = YES;
				SDKROOT = iphoneos;
				SWIFT_COMPILATION_MODE = wholemodule;
				SWIFT_OPTIMIZATION_LEVEL = "-O";
				VALIDATE_PRODUCT = YES;
			};
			name = Release;
		};
		ABBEFA2E29C3742E00173087 /* Debug */ = {
			isa = XCBuildConfiguration;
			buildSettings = {
				ASSETCATALOG_COMPILER_APPICON_NAME = AppIcon;
				ASSETCATALOG_COMPILER_GLOBAL_ACCENT_COLOR_NAME = AccentColor;
				CODE_SIGN_STYLE = Automatic;
				CURRENT_PROJECT_VERSION = 1;
				DEVELOPMENT_ASSET_PATHS = "\"ChatGPT/Preview Content\"";
				DEVELOPMENT_TEAM = 3KU8C49PA9;
				ENABLE_PREVIEWS = YES;
				GENERATE_INFOPLIST_FILE = YES;
				INFOPLIST_KEY_UIApplicationSceneManifest_Generation = YES;
				INFOPLIST_KEY_UIApplicationSupportsIndirectInputEvents = YES;
				INFOPLIST_KEY_UILaunchScreen_Generation = YES;
				INFOPLIST_KEY_UISupportedInterfaceOrientations_iPad = "UIInterfaceOrientationPortrait UIInterfaceOrientationPortraitUpsideDown UIInterfaceOrientationLandscapeLeft UIInterfaceOrientationLandscapeRight";
				INFOPLIST_KEY_UISupportedInterfaceOrientations_iPhone = "UIInterfaceOrientationPortrait UIInterfaceOrientationLandscapeLeft UIInterfaceOrientationLandscapeRight";
				LD_RUNPATH_SEARCH_PATHS = (
					"$(inherited)",
					"@executable_path/Frameworks",
				);
				MARKETING_VERSION = 1.0;
				PRODUCT_BUNDLE_IDENTIFIER = whythat.ChatGPT;
				PRODUCT_NAME = "$(TARGET_NAME)";
				SWIFT_EMIT_LOC_STRINGS = YES;
				SWIFT_VERSION = 5.0;
				TARGETED_DEVICE_FAMILY = "1,2";
			};
			name = Debug;
		};
		ABBEFA2F29C3742E00173087 /* Release */ = {
			isa = XCBuildConfiguration;
			buildSettings = {
				ASSETCATALOG_COMPILER_APPICON_NAME = AppIcon;
				ASSETCATALOG_COMPILER_GLOBAL_ACCENT_COLOR_NAME = AccentColor;
				CODE_SIGN_STYLE = Automatic;
				CURRENT_PROJECT_VERSION = 1;
				DEVELOPMENT_ASSET_PATHS = "\"ChatGPT/Preview Content\"";
				DEVELOPMENT_TEAM = 3KU8C49PA9;
				ENABLE_PREVIEWS = YES;
				GENERATE_INFOPLIST_FILE = YES;
				INFOPLIST_KEY_UIApplicationSceneManifest_Generation = YES;
				INFOPLIST_KEY_UIApplicationSupportsIndirectInputEvents = YES;
				INFOPLIST_KEY_UILaunchScreen_Generation = YES;
				INFOPLIST_KEY_UISupportedInterfaceOrientations_iPad = "UIInterfaceOrientationPortrait UIInterfaceOrientationPortraitUpsideDown UIInterfaceOrientationLandscapeLeft UIInterfaceOrientationLandscapeRight";
				INFOPLIST_KEY_UISupportedInterfaceOrientations_iPhone = "UIInterfaceOrientationPortrait UIInterfaceOrientationLandscapeLeft UIInterfaceOrientationLandscapeRight";
				LD_RUNPATH_SEARCH_PATHS = (
					"$(inherited)",
					"@executable_path/Frameworks",
				);
				MARKETING_VERSION = 1.0;
				PRODUCT_BUNDLE_IDENTIFIER = whythat.ChatGPT;
				PRODUCT_NAME = "$(TARGET_NAME)";
				SWIFT_EMIT_LOC_STRINGS = YES;
				SWIFT_VERSION = 5.0;
				TARGETED_DEVICE_FAMILY = "1,2";
			};
			name = Release;
		};
/* End XCBuildConfiguration section */

/* Begin XCConfigurationList section */
		ABBEFA1A29C3742D00173087 /* Build configuration list for PBXProject "ChatGPT" */ = {
			isa = XCConfigurationList;
			buildConfigurations = (
				ABBEFA2B29C3742E00173087 /* Debug */,
				ABBEFA2C29C3742E00173087 /* Release */,
			);
			defaultConfigurationIsVisible = 0;
			defaultConfigurationName = Release;
		};
		ABBEFA2D29C3742E00173087 /* Build configuration list for PBXNativeTarget "ChatGPT" */ = {
			isa = XCConfigurationList;
			buildConfigurations = (
				ABBEFA2E29C3742E00173087 /* Debug */,
				ABBEFA2F29C3742E00173087 /* Release */,
			);
			defaultConfigurationIsVisible = 0;
			defaultConfigurationName = Release;
		};
/* End XCConfigurationList section */

/* Begin XCRemoteSwiftPackageReference section */
		ABBEFA3A29C37A5200173087 /* XCRemoteSwiftPackageReference "Alamofire" */ = {
			isa = XCRemoteSwiftPackageReference;
			repositoryURL = "https://github.com/Alamofire/Alamofire.git";
			requirement = {
				kind = upToNextMajorVersion;
				minimumVersion = 5.0.0;
			};
		};
/* End XCRemoteSwiftPackageReference section */

/* Begin XCSwiftPackageProductDependency section */
		ABBEFA3B29C37A5200173087 /* Alamofire */ = {
			isa = XCSwiftPackageProductDependency;
			package = ABBEFA3A29C37A5200173087 /* XCRemoteSwiftPackageReference "Alamofire" */;
			productName = Alamofire;
		};
/* End XCSwiftPackageProductDependency section */
	};
	rootObject = ABBEFA1729C3742D00173087 /* Project object */;
}
